
Microsoft Visual Studio Solution File, Format Version 12.00
# Visual Studio 2012
Project("{CC5FD16D-436D-48AD-A40C-5A424C6E3E79}") = "ServiceBus.Cloud", "ServiceBus.Cloud\ServiceBus.Cloud.ccproj", "{C5342F02-3A9F-45FB-BA3D-EEDC86CC7A28}"
EndProject
Project("{FAE04EC0-301F-11D3-BF4B-00C04F79EFBC}") = "WorkerRoleWithSBQueue", "WorkerRoleWithSBQueue\WorkerRoleWithSBQueue.csproj", "{15B3E0D2-6217-493A-A690-158C497F5318}"
EndProject
Project("{FAE04EC0-301F-11D3-BF4B-00C04F79EFBC}") = "ServiceBus.QClient", "ServiceBus.QClient\ServiceBus.QClient.csproj", "{78318B22-4A6F-4293-8421-A46AB3CD70EA}"
EndProject
Project("{FAE04EC0-301F-11D3-BF4B-00C04F79EFBC}") = "TopicWorkerRoleOne", "TopicWorkerRoleOne\TopicWorkerRoleOne.csproj", "{C3B73DC3-5774-4AB1-AEE6-31ACA6DF7A86}"
EndProject
Project("{FAE04EC0-301F-11D3-BF4B-00C04F79EFBC}") = "TopicWorkerRoleTwo", "TopicWorkerRoleTwo\TopicWorkerRoleTwo.csproj", "{B6D7ADB3-DE79-4D6C-84C3-CC05952242E4}"
EndProject
Project("{FAE04EC0-301F-11D3-BF4B-00C04F79EFBC}") = "ServiceBus.TClient", "ServiceBus.TClient\ServiceBus.TClient.csproj", "{0A94D302-5321-40A3-B672-DDBD2E51B328}"
EndProject
Project("{FAE04EC0-301F-11D3-BF4B-00C04F79EFBC}") = "RuleWorkerRoleHigh", "RuleWorkerRoleHigh\RuleWorkerRoleHigh.csproj", "{982B589E-9DA7-4FBC-80B2-AB11BB47E43F}"
EndProject
Project("{FAE04EC0-301F-11D3-BF4B-00C04F79EFBC}") = "SharedObjects", "SharedObjects\SharedObjects.csproj", "{E41480A8-CE48-40B2-9200-6BA70456EA83}"
EndProject
Project("{FAE04EC0-301F-11D3-BF4B-00C04F79EFBC}") = "ServiceBus.RClient", "ServiceBus.RClient\ServiceBus.RClient.csproj", "{183DFFB1-3958-4272-8EA1-384C13430A21}"
EndProject
Project("{FAE04EC0-301F-11D3-BF4B-00C04F79EFBC}") = "RuleWorkerRoleLow", "RuleWorkerRoleLow\RuleWorkerRoleLow.csproj", "{8EED79CE-4444-4B92-B29C-F8476ABC901A}"
EndProject
Global
	GlobalSection(SolutionConfigurationPlatforms) = preSolution
		Debug|ARM = Debug|ARM
		Debug|Any CPU = Debug|Any CPU
		Debug|x64 = Debug|x64
		Debug|x86 = Debug|x86
		Release|ARM = Release|ARM
		Release|Any CPU = Release|Any CPU
		Release|x64 = Release|x64
		Release|x86 = Release|x86
	EndGlobalSection
	GlobalSection(ProjectConfigurationPlatforms) = postSolution
		{0A94D302-5321-40A3-B672-DDBD2E51B328}.Debug|ARM.ActiveCfg = Debug|Any CPU
		{0A94D302-5321-40A3-B672-DDBD2E51B328}.Debug|Any CPU.ActiveCfg = Debug|Any CPU
		{0A94D302-5321-40A3-B672-DDBD2E51B328}.Debug|Any CPU.Build.0 = Debug|Any CPU
		{0A94D302-5321-40A3-B672-DDBD2E51B328}.Debug|x64.ActiveCfg = Debug|Any CPU
		{0A94D302-5321-40A3-B672-DDBD2E51B328}.Debug|x86.ActiveCfg = Debug|Any CPU
		{0A94D302-5321-40A3-B672-DDBD2E51B328}.Release|ARM.ActiveCfg = Release|Any CPU
		{0A94D302-5321-40A3-B672-DDBD2E51B328}.Release|Any CPU.ActiveCfg = Release|Any CPU
		{0A94D302-5321-40A3-B672-DDBD2E51B328}.Release|Any CPU.Build.0 = Release|Any CPU
		{0A94D302-5321-40A3-B672-DDBD2E51B328}.Release|x64.ActiveCfg = Release|Any CPU
		{0A94D302-5321-40A3-B672-DDBD2E51B328}.Release|x86.ActiveCfg = Release|Any CPU
		{15B3E0D2-6217-493A-A690-158C497F5318}.Debug|ARM.ActiveCfg = Debug|Any CPU
		{15B3E0D2-6217-493A-A690-158C497F5318}.Debug|Any CPU.ActiveCfg = Debug|Any CPU
		{15B3E0D2-6217-493A-A690-158C497F5318}.Debug|Any CPU.Build.0 = Debug|Any CPU
		{15B3E0D2-6217-493A-A690-158C497F5318}.Debug|x64.ActiveCfg = Debug|Any CPU
		{15B3E0D2-6217-493A-A690-158C497F5318}.Debug|x86.ActiveCfg = Debug|Any CPU
		{15B3E0D2-6217-493A-A690-158C497F5318}.Release|ARM.ActiveCfg = Release|Any CPU
		{15B3E0D2-6217-493A-A690-158C497F5318}.Release|Any CPU.ActiveCfg = Release|Any CPU
		{15B3E0D2-6217-493A-A690-158C497F5318}.Release|Any CPU.Build.0 = Release|Any CPU
		{15B3E0D2-6217-493A-A690-158C497F5318}.Release|x64.ActiveCfg = Release|Any CPU
		{15B3E0D2-6217-493A-A690-158C497F5318}.Release|x86.ActiveCfg = Release|Any CPU
		{183DFFB1-3958-4272-8EA1-384C13430A21}.Debug|ARM.ActiveCfg = Debug|Any CPU
		{183DFFB1-3958-4272-8EA1-384C13430A21}.Debug|Any CPU.ActiveCfg = Debug|Any CPU
		{183DFFB1-3958-4272-8EA1-384C13430A21}.Debug|Any CPU.Build.0 = Debug|Any CPU
		{183DFFB1-3958-4272-8EA1-384C13430A21}.Debug|x64.ActiveCfg = Debug|Any CPU
		{183DFFB1-3958-4272-8EA1-384C13430A21}.Debug|x86.ActiveCfg = Debug|Any CPU
		{183DFFB1-3958-4272-8EA1-384C13430A21}.Release|ARM.ActiveCfg = Release|Any CPU
		{183DFFB1-3958-4272-8EA1-384C13430A21}.Release|Any CPU.ActiveCfg = Release|Any CPU
		{183DFFB1-3958-4272-8EA1-384C13430A21}.Release|Any CPU.Build.0 = Release|Any CPU
		{183DFFB1-3958-4272-8EA1-384C13430A21}.Release|x64.ActiveCfg = Release|Any CPU
		{183DFFB1-3958-4272-8EA1-384C13430A21}.Release|x86.ActiveCfg = Release|Any CPU
		{78318B22-4A6F-4293-8421-A46AB3CD70EA}.Debug|ARM.ActiveCfg = Debug|Any CPU
		{78318B22-4A6F-4293-8421-A46AB3CD70EA}.Debug|Any CPU.ActiveCfg = Debug|Any CPU
		{78318B22-4A6F-4293-8421-A46AB3CD70EA}.Debug|Any CPU.Build.0 = Debug|Any CPU
		{78318B22-4A6F-4293-8421-A46AB3CD70EA}.Debug|x64.ActiveCfg = Debug|Any CPU
		{78318B22-4A6F-4293-8421-A46AB3CD70EA}.Debug|x86.ActiveCfg = Debug|Any CPU
		{78318B22-4A6F-4293-8421-A46AB3CD70EA}.Release|ARM.ActiveCfg = Release|Any CPU
		{78318B22-4A6F-4293-8421-A46AB3CD70EA}.Release|Any CPU.ActiveCfg = Release|Any CPU
		{78318B22-4A6F-4293-8421-A46AB3CD70EA}.Release|Any CPU.Build.0 = Release|Any CPU
		{78318B22-4A6F-4293-8421-A46AB3CD70EA}.Release|x64.ActiveCfg = Release|Any CPU
		{78318B22-4A6F-4293-8421-A46AB3CD70EA}.Release|x86.ActiveCfg = Release|Any CPU
		{8EED79CE-4444-4B92-B29C-F8476ABC901A}.Debug|ARM.ActiveCfg = Debug|Any CPU
		{8EED79CE-4444-4B92-B29C-F8476ABC901A}.Debug|Any CPU.ActiveCfg = Debug|Any CPU
		{8EED79CE-4444-4B92-B29C-F8476ABC901A}.Debug|Any CPU.Build.0 = Debug|Any CPU
		{8EED79CE-4444-4B92-B29C-F8476ABC901A}.Debug|x64.ActiveCfg = Debug|Any CPU
		{8EED79CE-4444-4B92-B29C-F8476ABC901A}.Debug|x86.ActiveCfg = Debug|Any CPU
		{8EED79CE-4444-4B92-B29C-F8476ABC901A}.Release|ARM.ActiveCfg = Release|Any CPU
		{8EED79CE-4444-4B92-B29C-F8476ABC901A}.Release|Any CPU.ActiveCfg = Release|Any CPU
		{8EED79CE-4444-4B92-B29C-F8476ABC901A}.Release|Any CPU.Build.0 = Release|Any CPU
		{8EED79CE-4444-4B92-B29C-F8476ABC901A}.Release|x64.ActiveCfg = Release|Any CPU
		{8EED79CE-4444-4B92-B29C-F8476ABC901A}.Release|x86.ActiveCfg = Release|Any CPU
		{982B589E-9DA7-4FBC-80B2-AB11BB47E43F}.Debug|ARM.ActiveCfg = Debug|Any CPU
		{982B589E-9DA7-4FBC-80B2-AB11BB47E43F}.Debug|Any CPU.ActiveCfg = Debug|Any CPU
		{982B589E-9DA7-4FBC-80B2-AB11BB47E43F}.Debug|Any CPU.Build.0 = Debug|Any CPU
		{982B589E-9DA7-4FBC-80B2-AB11BB47E43F}.Debug|x64.ActiveCfg = Debug|Any CPU
		{982B589E-9DA7-4FBC-80B2-AB11BB47E43F}.Debug|x86.ActiveCfg = Debug|Any CPU
		{982B589E-9DA7-4FBC-80B2-AB11BB47E43F}.Release|ARM.ActiveCfg = Release|Any CPU
		{982B589E-9DA7-4FBC-80B2-AB11BB47E43F}.Release|Any CPU.ActiveCfg = Release|Any CPU
		{982B589E-9DA7-4FBC-80B2-AB11BB47E43F}.Release|Any CPU.Build.0 = Release|Any CPU
		{982B589E-9DA7-4FBC-80B2-AB11BB47E43F}.Release|x64.ActiveCfg = Release|Any CPU
		{982B589E-9DA7-4FBC-80B2-AB11BB47E43F}.Release|x86.ActiveCfg = Release|Any CPU
		{B6D7ADB3-DE79-4D6C-84C3-CC05952242E4}.Debug|ARM.ActiveCfg = Debug|Any CPU
		{B6D7ADB3-DE79-4D6C-84C3-CC05952242E4}.Debug|Any CPU.ActiveCfg = Debug|Any CPU
		{B6D7ADB3-DE79-4D6C-84C3-CC05952242E4}.Debug|Any CPU.Build.0 = Debug|Any CPU
		{B6D7ADB3-DE79-4D6C-84C3-CC05952242E4}.Debug|x64.ActiveCfg = Debug|Any CPU
		{B6D7ADB3-DE79-4D6C-84C3-CC05952242E4}.Debug|x86.ActiveCfg = Debug|Any CPU
		{B6D7ADB3-DE79-4D6C-84C3-CC05952242E4}.Release|ARM.ActiveCfg = Release|Any CPU
		{B6D7ADB3-DE79-4D6C-84C3-CC05952242E4}.Release|Any CPU.ActiveCfg = Release|Any CPU
		{B6D7ADB3-DE79-4D6C-84C3-CC05952242E4}.Release|Any CPU.Build.0 = Release|Any CPU
		{B6D7ADB3-DE79-4D6C-84C3-CC05952242E4}.Release|x64.ActiveCfg = Release|Any CPU
		{B6D7ADB3-DE79-4D6C-84C3-CC05952242E4}.Release|x86.ActiveCfg = Release|Any CPU
		{C3B73DC3-5774-4AB1-AEE6-31ACA6DF7A86}.Debug|ARM.ActiveCfg = Debug|Any CPU
		{C3B73DC3-5774-4AB1-AEE6-31ACA6DF7A86}.Debug|Any CPU.ActiveCfg = Debug|Any CPU
		{C3B73DC3-5774-4AB1-AEE6-31ACA6DF7A86}.Debug|Any CPU.Build.0 = Debug|Any CPU
		{C3B73DC3-5774-4AB1-AEE6-31ACA6DF7A86}.Debug|x64.ActiveCfg = Debug|Any CPU
		{C3B73DC3-5774-4AB1-AEE6-31ACA6DF7A86}.Debug|x86.ActiveCfg = Debug|Any CPU
		{C3B73DC3-5774-4AB1-AEE6-31ACA6DF7A86}.Release|ARM.ActiveCfg = Release|Any CPU
		{C3B73DC3-5774-4AB1-AEE6-31ACA6DF7A86}.Release|Any CPU.ActiveCfg = Release|Any CPU
		{C3B73DC3-5774-4AB1-AEE6-31ACA6DF7A86}.Release|Any CPU.Build.0 = Release|Any CPU
		{C3B73DC3-5774-4AB1-AEE6-31ACA6DF7A86}.Release|x64.ActiveCfg = Release|Any CPU
		{C3B73DC3-5774-4AB1-AEE6-31ACA6DF7A86}.Release|x86.ActiveCfg = Release|Any CPU
		{C5342F02-3A9F-45FB-BA3D-EEDC86CC7A28}.Debug|ARM.ActiveCfg = Debug|Any CPU
		{C5342F02-3A9F-45FB-BA3D-EEDC86CC7A28}.Debug|Any CPU.ActiveCfg = Debug|Any CPU
		{C5342F02-3A9F-45FB-BA3D-EEDC86CC7A28}.Debug|Any CPU.Build.0 = Debug|Any CPU
		{C5342F02-3A9F-45FB-BA3D-EEDC86CC7A28}.Debug|x64.ActiveCfg = Debug|Any CPU
		{C5342F02-3A9F-45FB-BA3D-EEDC86CC7A28}.Debug|x86.ActiveCfg = Debug|Any CPU
		{C5342F02-3A9F-45FB-BA3D-EEDC86CC7A28}.Release|ARM.ActiveCfg = Release|Any CPU
		{C5342F02-3A9F-45FB-BA3D-EEDC86CC7A28}.Release|Any CPU.ActiveCfg = Release|Any CPU
		{C5342F02-3A9F-45FB-BA3D-EEDC86CC7A28}.Release|Any CPU.Build.0 = Release|Any CPU
		{C5342F02-3A9F-45FB-BA3D-EEDC86CC7A28}.Release|x64.ActiveCfg = Release|Any CPU
		{C5342F02-3A9F-45FB-BA3D-EEDC86CC7A28}.Release|x86.ActiveCfg = Release|Any CPU
		{E41480A8-CE48-40B2-9200-6BA70456EA83}.Debug|ARM.ActiveCfg = Debug|Any CPU
		{E41480A8-CE48-40B2-9200-6BA70456EA83}.Debug|Any CPU.ActiveCfg = Debug|Any CPU
		{E41480A8-CE48-40B2-9200-6BA70456EA83}.Debug|Any CPU.Build.0 = Debug|Any CPU
		{E41480A8-CE48-40B2-9200-6BA70456EA83}.Debug|x64.ActiveCfg = Debug|Any CPU
		{E41480A8-CE48-40B2-9200-6BA70456EA83}.Debug|x86.ActiveCfg = Debug|Any CPU
		{E41480A8-CE48-40B2-9200-6BA70456EA83}.Release|ARM.ActiveCfg = Release|Any CPU
		{E41480A8-CE48-40B2-9200-6BA70456EA83}.Release|Any CPU.ActiveCfg = Release|Any CPU
		{E41480A8-CE48-40B2-9200-6BA70456EA83}.Release|Any CPU.Build.0 = Release|Any CPU
		{E41480A8-CE48-40B2-9200-6BA70456EA83}.Release|x64.ActiveCfg = Release|Any CPU
		{E41480A8-CE48-40B2-9200-6BA70456EA83}.Release|x86.ActiveCfg = Release|Any CPU
	EndGlobalSection
	GlobalSection(SolutionProperties) = preSolution
		HideSolutionNode = FALSE
	EndGlobalSection
	GlobalSection(ExtensibilityGlobals) = postSolution
		EnterpriseLibraryConfigurationToolBinariesPath = packages\Unity.2.1.505.2\lib\NET35;packages\Unity.Interception.2.1.505.2\lib\NET35;packages\EnterpriseLibrary.Common.5.0.505.0\lib\NET35;packages\TransientFaultHandling.Core.5.0.1118.2\lib\NET35;packages\EnterpriseLibrary.WindowsAzure.TransientFaultHandling.5.0.1208.1\lib\NET4;packages\EnterpriseLibrary.WindowsAzure.TransientFaultHandling.5.0.1208.1\DesignTime
	EndGlobalSection
EndGlobal
